
Microsoft Visual Studio Solution File, Format Version 12.00
# Visual Studio Version 17
VisualStudioVersion = 17.13.35828.75
MinimumVisualStudioVersion = 10.0.40219.1
Project("{FAE04EC0-301F-11D3-BF4B-00C04F79EFBC}") = "RSCG_Demeter", "RSCG_Demeter\RSCG_Demeter.csproj", "{798F5EF6-7F36-4D9A-9916-FC16749084B6}"
EndProject
Project("{FAE04EC0-301F-11D3-BF4B-00C04F79EFBC}") = "RSCG_Console", "RSCG_Console\RSCG_Console.csproj", "{9132FC5B-110D-4CAC-891B-CCCDC37E3D75}"
EndProject
Project("{FAE04EC0-301F-11D3-BF4B-00C04F79EFBC}") = "RSCGDemeter_Tests", "RSCGDemeter_Tests\RSCGDemeter_Tests.csproj", "{C0112CDB-C716-4908-A586-1E32DFCB4728}"
EndProject
Global
	GlobalSection(SolutionConfigurationPlatforms) = preSolution
		Debug|Any CPU = Debug|Any CPU
		Release|Any CPU = Release|Any CPU
	EndGlobalSection
	GlobalSection(ProjectConfigurationPlatforms) = postSolution
		{798F5EF6-7F36-4D9A-9916-FC16749084B6}.Debug|Any CPU.ActiveCfg = Debug|Any CPU
		{798F5EF6-7F36-4D9A-9916-FC16749084B6}.Debug|Any CPU.Build.0 = Debug|Any CPU
		{798F5EF6-7F36-4D9A-9916-FC16749084B6}.Release|Any CPU.ActiveCfg = Release|Any CPU
		{798F5EF6-7F36-4D9A-9916-FC16749084B6}.Release|Any CPU.Build.0 = Release|Any CPU
		{9132FC5B-110D-4CAC-891B-CCCDC37E3D75}.Debug|Any CPU.ActiveCfg = Debug|Any CPU
		{9132FC5B-110D-4CAC-891B-CCCDC37E3D75}.Debug|Any CPU.Build.0 = Debug|Any CPU
		{9132FC5B-110D-4CAC-891B-CCCDC37E3D75}.Release|Any CPU.ActiveCfg = Release|Any CPU
		{9132FC5B-110D-4CAC-891B-CCCDC37E3D75}.Release|Any CPU.Build.0 = Release|Any CPU
		{C0112CDB-C716-4908-A586-1E32DFCB4728}.Debug|Any CPU.ActiveCfg = Debug|Any CPU
		{C0112CDB-C716-4908-A586-1E32DFCB4728}.Debug|Any CPU.Build.0 = Debug|Any CPU
		{C0112CDB-C716-4908-A586-1E32DFCB4728}.Release|Any CPU.ActiveCfg = Release|Any CPU
		{C0112CDB-C716-4908-A586-1E32DFCB4728}.Release|Any CPU.Build.0 = Release|Any CPU
	EndGlobalSection
	GlobalSection(SolutionProperties) = preSolution
		HideSolutionNode = FALSE
	EndGlobalSection
	GlobalSection(ExtensibilityGlobals) = postSolution
		SolutionGuid = {EDDC8C3F-2461-4A39-AD9B-9F600FE26CF8}
	EndGlobalSection
EndGlobal
